// !$*UTF8*$!
{
	archiveVersion = 1;
	classes = {
	};
	objectVersion = 56;
	objects = {

/* Begin PBXBuildFile section */
		2ABEA2762924E9490096142E /* AppDelegate.swift in Sources */ = {isa = PBXBuildFile; fileRef = 2ABEA2752924E9490096142E /* AppDelegate.swift */; };
		2ABEA2782924E9490096142E /* SceneDelegate.swift in Sources */ = {isa = PBXBuildFile; fileRef = 2ABEA2772924E9490096142E /* SceneDelegate.swift */; };
		2ABEA27A2924E9490096142E /* ViewController.swift in Sources */ = {isa = PBXBuildFile; fileRef = 2ABEA2792924E9490096142E /* ViewController.swift */; };
		2ABEA27D2924E9490096142E /* Main.storyboard in Resources */ = {isa = PBXBuildFile; fileRef = 2ABEA27B2924E9490096142E /* Main.storyboard */; };
		2ABEA27F2924E94A0096142E /* Assets.xcassets in Resources */ = {isa = PBXBuildFile; fileRef = 2ABEA27E2924E94A0096142E /* Assets.xcassets */; };
		2ABEA2822924E94A0096142E /* LaunchScreen.storyboard in Resources */ = {isa = PBXBuildFile; fileRef = 2ABEA2802924E94A0096142E /* LaunchScreen.storyboard */; };
		2ABEA28D2924E94B0096142E /* SL_VideoListAutoPlayManagerTests.swift in Sources */ = {isa = PBXBuildFile; fileRef = 2ABEA28C2924E94B0096142E /* SL_VideoListAutoPlayManagerTests.swift */; };
		2ABEA2972924E94B0096142E /* SL_VideoListAutoPlayManagerUITests.swift in Sources */ = {isa = PBXBuildFile; fileRef = 2ABEA2962924E94B0096142E /* SL_VideoListAutoPlayManagerUITests.swift */; };
		2ABEA2992924E94B0096142E /* SL_VideoListAutoPlayManagerUITestsLaunchTests.swift in Sources */ = {isa = PBXBuildFile; fileRef = 2ABEA2982924E94B0096142E /* SL_VideoListAutoPlayManagerUITestsLaunchTests.swift */; };
		2ABEA2A62924EAD20096142E /* SLVideoListAutoPlayManager.swift in Sources */ = {isa = PBXBuildFile; fileRef = 2ABEA2A52924EAD20096142E /* SLVideoListAutoPlayManager.swift */; };
/* End PBXBuildFile section */

/* Begin PBXContainerItemProxy section */
		2ABEA2892924E94A0096142E /* PBXContainerItemProxy */ = {
			isa = PBXContainerItemProxy;
			containerPortal = 2ABEA26A2924E9480096142E /* Project object */;
			proxyType = 1;
			remoteGlobalIDString = 2ABEA2712924E9490096142E;
			remoteInfo = SL_VideoListAutoPlayManager;
		};
		2ABEA2932924E94B0096142E /* PBXContainerItemProxy */ = {
			isa = PBXContainerItemProxy;
			containerPortal = 2ABEA26A2924E9480096142E /* Project object */;
			proxyType = 1;
			remoteGlobalIDString = 2ABEA2712924E9490096142E;
			remoteInfo = SL_VideoListAutoPlayManager;
		};
/* End PBXContainerItemProxy section */

/* Begin PBXFileReference section */
		2ABEA2722924E9490096142E /* SL_VideoListAutoPlayManager.app */ = {isa = PBXFileReference; explicitFileType = wrapper.application; includeInIndex = 0; path = SL_VideoListAutoPlayManager.app; sourceTree = BUILT_PRODUCTS_DIR; };
		2ABEA2752924E9490096142E /* AppDelegate.swift */ = {isa = PBXFileReference; lastKnownFileType = sourcecode.swift; path = AppDelegate.swift; sourceTree = "<group>"; };
		2ABEA2772924E9490096142E /* SceneDelegate.swift */ = {isa = PBXFileReference; lastKnownFileType = sourcecode.swift; path = SceneDelegate.swift; sourceTree = "<group>"; };
		2ABEA2792924E9490096142E /* ViewController.swift */ = {isa = PBXFileReference; lastKnownFileType = sourcecode.swift; path = ViewController.swift; sourceTree = "<group>"; };
		2ABEA27C2924E9490096142E /* Base */ = {isa = PBXFileReference; lastKnownFileType = file.storyboard; name = Base; path = Base.lproj/Main.storyboard; sourceTree = "<group>"; };
		2ABEA27E2924E94A0096142E /* Assets.xcassets */ = {isa = PBXFileReference; lastKnownFileType = folder.assetcatalog; path = Assets.xcassets; sourceTree = "<group>"; };
		2ABEA2812924E94A0096142E /* Base */ = {isa = PBXFileReference; lastKnownFileType = file.storyboard; name = Base; path = Base.lproj/LaunchScreen.storyboard; sourceTree = "<group>"; };
		2ABEA2832924E94A0096142E /* Info.plist */ = {isa = PBXFileReference; lastKnownFileType = text.plist.xml; path = Info.plist; sourceTree = "<group>"; };
		2ABEA2882924E94A0096142E /* SL_VideoListAutoPlayManagerTests.xctest */ = {isa = PBXFileReference; explicitFileType = wrapper.cfbundle; includeInIndex = 0; path = SL_VideoListAutoPlayManagerTests.xctest; sourceTree = BUILT_PRODUCTS_DIR; };
		2ABEA28C2924E94B0096142E /* SL_VideoListAutoPlayManagerTests.swift */ = {isa = PBXFileReference; lastKnownFileType = sourcecode.swift; path = SL_VideoListAutoPlayManagerTests.swift; sourceTree = "<group>"; };
		2ABEA2922924E94B0096142E /* SL_VideoListAutoPlayManagerUITests.xctest */ = {isa = PBXFileReference; explicitFileType = wrapper.cfbundle; includeInIndex = 0; path = SL_VideoListAutoPlayManagerUITests.xctest; sourceTree = BUILT_PRODUCTS_DIR; };
		2ABEA2962924E94B0096142E /* SL_VideoListAutoPlayManagerUITests.swift */ = {isa = PBXFileReference; lastKnownFileType = sourcecode.swift; path = SL_VideoListAutoPlayManagerUITests.swift; sourceTree = "<group>"; };
		2ABEA2982924E94B0096142E /* SL_VideoListAutoPlayManagerUITestsLaunchTests.swift */ = {isa = PBXFileReference; lastKnownFileType = sourcecode.swift; path = SL_VideoListAutoPlayManagerUITestsLaunchTests.swift; sourceTree = "<group>"; };
		2ABEA2A52924EAD20096142E /* SLVideoListAutoPlayManager.swift */ = {isa = PBXFileReference; lastKnownFileType = sourcecode.swift; path = SLVideoListAutoPlayManager.swift; sourceTree = "<group>"; };
/* End PBXFileReference section */

/* Begin PBXFrameworksBuildPhase section */
		2ABEA26F2924E9490096142E /* Frameworks */ = {
			isa = PBXFrameworksBuildPhase;
			buildActionMask = 2147483647;
			files = (
			);
			runOnlyForDeploymentPostprocessing = 0;
		};
		2ABEA2852924E94A0096142E /* Frameworks */ = {
			isa = PBXFrameworksBuildPhase;
			buildActionMask = 2147483647;
			files = (
			);
			runOnlyForDeploymentPostprocessing = 0;
		};
		2ABEA28F2924E94B0096142E /* Frameworks */ = {
			isa = PBXFrameworksBuildPhase;
			buildActionMask = 2147483647;
			files = (
			);
			runOnlyForDeploymentPostprocessing = 0;
		};
/* End PBXFrameworksBuildPhase section */

/* Begin PBXGroup section */
		2ABEA2692924E9480096142E = {
			isa = PBXGroup;
			children = (
				2ABEA2742924E9490096142E /* SL_VideoListAutoPlayManager */,
				2ABEA28B2924E94A0096142E /* SL_VideoListAutoPlayManagerTests */,
				2ABEA2952924E94B0096142E /* SL_VideoListAutoPlayManagerUITests */,
				2ABEA2732924E9490096142E /* Products */,
			);
			sourceTree = "<group>";
		};
		2ABEA2732924E9490096142E /* Products */ = {
			isa = PBXGroup;
			children = (
				2ABEA2722924E9490096142E /* SL_VideoListAutoPlayManager.app */,
				2ABEA2882924E94A0096142E /* SL_VideoListAutoPlayManagerTests.xctest */,
				2ABEA2922924E94B0096142E /* SL_VideoListAutoPlayManagerUITests.xctest */,
			);
			name = Products;
			sourceTree = "<group>";
		};
		2ABEA2742924E9490096142E /* SL_VideoListAutoPlayManager */ = {
			isa = PBXGroup;
			children = (
				2ABEA2752924E9490096142E /* AppDelegate.swift */,
				2ABEA2772924E9490096142E /* SceneDelegate.swift */,
				2ABEA2792924E9490096142E /* ViewController.swift */,
				2ABEA2A52924EAD20096142E /* SLVideoListAutoPlayManager.swift */,
				2ABEA27B2924E9490096142E /* Main.storyboard */,
				2ABEA27E2924E94A0096142E /* Assets.xcassets */,
				2ABEA2802924E94A0096142E /* LaunchScreen.storyboard */,
				2ABEA2832924E94A0096142E /* Info.plist */,
			);
			path = SL_VideoListAutoPlayManager;
			sourceTree = "<group>";
		};
		2ABEA28B2924E94A0096142E /* SL_VideoListAutoPlayManagerTests */ = {
			isa = PBXGroup;
			children = (
				2ABEA28C2924E94B0096142E /* SL_VideoListAutoPlayManagerTests.swift */,
			);
			path = SL_VideoListAutoPlayManagerTests;
			sourceTree = "<group>";
		};
		2ABEA2952924E94B0096142E /* SL_VideoListAutoPlayManagerUITests */ = {
			isa = PBXGroup;
			children = (
				2ABEA2962924E94B0096142E /* SL_VideoListAutoPlayManagerUITests.swift */,
				2ABEA2982924E94B0096142E /* SL_VideoListAutoPlayManagerUITestsLaunchTests.swift */,
			);
			path = SL_VideoListAutoPlayManagerUITests;
			sourceTree = "<group>";
		};
/* End PBXGroup section */

/* Begin PBXNativeTarget section */
		2ABEA2712924E9490096142E /* SL_VideoListAutoPlayManager */ = {
			isa = PBXNativeTarget;
			buildConfigurationList = 2ABEA29C2924E94B0096142E /* Build configuration list for PBXNativeTarget "SL_VideoListAutoPlayManager" */;
			buildPhases = (
				2ABEA26E2924E9490096142E /* Sources */,
				2ABEA26F2924E9490096142E /* Frameworks */,
				2ABEA2702924E9490096142E /* Resources */,
			);
			buildRules = (
			);
			dependencies = (
			);
			name = SL_VideoListAutoPlayManager;
			productName = SL_VideoListAutoPlayManager;
			productReference = 2ABEA2722924E9490096142E /* SL_VideoListAutoPlayManager.app */;
			productType = "com.apple.product-type.application";
		};
		2ABEA2872924E94A0096142E /* SL_VideoListAutoPlayManagerTests */ = {
			isa = PBXNativeTarget;
			buildConfigurationList = 2ABEA29F2924E94B0096142E /* Build configuration list for PBXNativeTarget "SL_VideoListAutoPlayManagerTests" */;
			buildPhases = (
				2ABEA2842924E94A0096142E /* Sources */,
				2ABEA2852924E94A0096142E /* Frameworks */,
				2ABEA2862924E94A0096142E /* Resources */,
			);
			buildRules = (
			);
			dependencies = (
				2ABEA28A2924E94A0096142E /* PBXTargetDependency */,
			);
			name = SL_VideoListAutoPlayManagerTests;
			productName = SL_VideoListAutoPlayManagerTests;
			productReference = 2ABEA2882924E94A0096142E /* SL_VideoListAutoPlayManagerTests.xctest */;
			productType = "com.apple.product-type.bundle.unit-test";
		};
		2ABEA2912924E94B0096142E /* SL_VideoListAutoPlayManagerUITests */ = {
			isa = PBXNativeTarget;
			buildConfigurationList = 2ABEA2A22924E94B0096142E /* Build configuration list for PBXNativeTarget "SL_VideoListAutoPlayManagerUITests" */;
			buildPhases = (
				2ABEA28E2924E94B0096142E /* Sources */,
				2ABEA28F2924E94B0096142E /* Frameworks */,
				2ABEA2902924E94B0096142E /* Resources */,
			);
			buildRules = (
			);
			dependencies = (
				2ABEA2942924E94B0096142E /* PBXTargetDependency */,
			);
			name = SL_VideoListAutoPlayManagerUITests;
			productName = SL_VideoListAutoPlayManagerUITests;
			productReference = 2ABEA2922924E94B0096142E /* SL_VideoListAutoPlayManagerUITests.xctest */;
			productType = "com.apple.product-type.bundle.ui-testing";
		};
/* End PBXNativeTarget section */

/* Begin PBXProject section */
		2ABEA26A2924E9480096142E /* Project object */ = {
			isa = PBXProject;
			attributes = {
				BuildIndependentTargetsInParallel = 1;
				LastSwiftUpdateCheck = 1400;
				LastUpgradeCheck = 1400;
				TargetAttributes = {
					2ABEA2712924E9490096142E = {
						CreatedOnToolsVersion = 14.0.1;
					};
					2ABEA2872924E94A0096142E = {
						CreatedOnToolsVersion = 14.0.1;
						TestTargetID = 2ABEA2712924E9490096142E;
					};
					2ABEA2912924E94B0096142E = {
						CreatedOnToolsVersion = 14.0.1;
						TestTargetID = 2ABEA2712924E9490096142E;
					};
				};
			};
			buildConfigurationList = 2ABEA26D2924E9480096142E /* Build configuration list for PBXProject "SL_VideoListAutoPlayManager" */;
			compatibilityVersion = "Xcode 14.0";
			developmentRegion = en;
			hasScannedForEncodings = 0;
			knownRegions = (
				en,
				Base,
			);
			mainGroup = 2ABEA2692924E9480096142E;
			productRefGroup = 2ABEA2732924E9490096142E /* Products */;
			projectDirPath = "";
			projectRoot = "";
			targets = (
				2ABEA2712924E9490096142E /* SL_VideoListAutoPlayManager */,
				2ABEA2872924E94A0096142E /* SL_VideoListAutoPlayManagerTests */,
				2ABEA2912924E94B0096142E /* SL_VideoListAutoPlayManagerUITests */,
			);
		};
/* End PBXProject section */

/* Begin PBXResourcesBuildPhase section */
		2ABEA2702924E9490096142E /* Resources */ = {
			isa = PBXResourcesBuildPhase;
			buildActionMask = 2147483647;
			files = (
				2ABEA2822924E94A0096142E /* LaunchScreen.storyboard in Resources */,
				2ABEA27F2924E94A0096142E /* Assets.xcassets in Resources */,
				2ABEA27D2924E9490096142E /* Main.storyboard in Resources */,
			);
			runOnlyForDeploymentPostprocessing = 0;
		};
		2ABEA2862924E94A0096142E /* Resources */ = {
			isa = PBXResourcesBuildPhase;
			buildActionMask = 2147483647;
			files = (
			);
			runOnlyForDeploymentPostprocessing = 0;
		};
		2ABEA2902924E94B0096142E /* Resources */ = {
			isa = PBXResourcesBuildPhase;
			buildActionMask = 2147483647;
			files = (
			);
			runOnlyForDeploymentPostprocessing = 0;
		};
/* End PBXResourcesBuildPhase section */

/* Begin PBXSourcesBuildPhase section */
		2ABEA26E2924E9490096142E /* Sources */ = {
			isa = PBXSourcesBuildPhase;
			buildActionMask = 2147483647;
			files = (
				2ABEA27A2924E9490096142E /* ViewController.swift in Sources */,
				2ABEA2762924E9490096142E /* AppDelegate.swift in Sources */,
				2ABEA2A62924EAD20096142E /* SLVideoListAutoPlayManager.swift in Sources */,
				2ABEA2782924E9490096142E /* SceneDelegate.swift in Sources */,
			);
			runOnlyForDeploymentPostprocessing = 0;
		};
		2ABEA2842924E94A0096142E /* Sources */ = {
			isa = PBXSourcesBuildPhase;
			buildActionMask = 2147483647;
			files = (
				2ABEA28D2924E94B0096142E /* SL_VideoListAutoPlayManagerTests.swift in Sources */,
			);
			runOnlyForDeploymentPostprocessing = 0;
		};
		2ABEA28E2924E94B0096142E /* Sources */ = {
			isa = PBXSourcesBuildPhase;
			buildActionMask = 2147483647;
			files = (
				2ABEA2992924E94B0096142E /* SL_VideoListAutoPlayManagerUITestsLaunchTests.swift in Sources */,
				2ABEA2972924E94B0096142E /* SL_VideoListAutoPlayManagerUITests.swift in Sources */,
			);
			runOnlyForDeploymentPostprocessing = 0;
		};
/* End PBXSourcesBuildPhase section */

/* Begin PBXTargetDependency section */
		2ABEA28A2924E94A0096142E /* PBXTargetDependency */ = {
			isa = PBXTargetDependency;
			target = 2ABEA2712924E9490096142E /* SL_VideoListAutoPlayManager */;
			targetProxy = 2ABEA2892924E94A0096142E /* PBXContainerItemProxy */;
		};
		2ABEA2942924E94B0096142E /* PBXTargetDependency */ = {
			isa = PBXTargetDependency;
			target = 2ABEA2712924E9490096142E /* SL_VideoListAutoPlayManager */;
			targetProxy = 2ABEA2932924E94B0096142E /* PBXContainerItemProxy */;
		};
/* End PBXTargetDependency section */

/* Begin PBXVariantGroup section */
		2ABEA27B2924E9490096142E /* Main.storyboard */ = {
			isa = PBXVariantGroup;
			children = (
				2ABEA27C2924E9490096142E /* Base */,
			);
			name = Main.storyboard;
			sourceTree = "<group>";
		};
		2ABEA2802924E94A0096142E /* LaunchScreen.storyboard */ = {
			isa = PBXVariantGroup;
			children = (
				2ABEA2812924E94A0096142E /* Base */,
			);
			name = LaunchScreen.storyboard;
			sourceTree = "<group>";
		};
/* End PBXVariantGroup section */

/* Begin XCBuildConfiguration section */
		2ABEA29A2924E94B0096142E /* Debug */ = {
			isa = XCBuildConfiguration;
			buildSettings = {
				ALWAYS_SEARCH_USER_PATHS = NO;
				CLANG_ANALYZER_NONNULL = YES;
				CLANG_ANALYZER_NUMBER_OBJECT_CONVERSION = YES_AGGRESSIVE;
				CLANG_CXX_LANGUAGE_STANDARD = "gnu++20";
				CLANG_ENABLE_MODULES = YES;
				CLANG_ENABLE_OBJC_ARC = YES;
				CLANG_ENABLE_OBJC_WEAK = YES;
				CLANG_WARN_BLOCK_CAPTURE_AUTORELEASING = YES;
				CLANG_WARN_BOOL_CONVERSION = YES;
				CLANG_WARN_COMMA = YES;
				CLANG_WARN_CONSTANT_CONVERSION = YES;
				CLANG_WARN_DEPRECATED_OBJC_IMPLEMENTATIONS = YES;
				CLANG_WARN_DIRECT_OBJC_ISA_USAGE = YES_ERROR;
				CLANG_WARN_DOCUMENTATION_COMMENTS = YES;
				CLANG_WARN_EMPTY_BODY = YES;
				CLANG_WARN_ENUM_CONVERSION = YES;
				CLANG_WARN_INFINITE_RECURSION = YES;
				CLANG_WARN_INT_CONVERSION = YES;
				CLANG_WARN_NON_LITERAL_NULL_CONVERSION = YES;
				CLANG_WARN_OBJC_IMPLICIT_RETAIN_SELF = YES;
				CLANG_WARN_OBJC_LITERAL_CONVERSION = YES;
				CLANG_WARN_OBJC_ROOT_CLASS = YES_ERROR;
				CLANG_WARN_QUOTED_INCLUDE_IN_FRAMEWORK_HEADER = YES;
				CLANG_WARN_RANGE_LOOP_ANALYSIS = YES;
				CLANG_WARN_STRICT_PROTOTYPES = YES;
				CLANG_WARN_SUSPICIOUS_MOVE = YES;
				CLANG_WARN_UNGUARDED_AVAILABILITY = YES_AGGRESSIVE;
				CLANG_WARN_UNREACHABLE_CODE = YES;
				CLANG_WARN__DUPLICATE_METHOD_MATCH = YES;
				COPY_PHASE_STRIP = NO;
				DEBUG_INFORMATION_FORMAT = dwarf;
				ENABLE_STRICT_OBJC_MSGSEND = YES;
				ENABLE_TESTABILITY = YES;
				GCC_C_LANGUAGE_STANDARD = gnu11;
				GCC_DYNAMIC_NO_PIC = NO;
				GCC_NO_COMMON_BLOCKS = YES;
				GCC_OPTIMIZATION_LEVEL = 0;
				GCC_PREPROCESSOR_DEFINITIONS = (
					"DEBUG=1",
					"$(inherited)",
				);
				GCC_WARN_64_TO_32_BIT_CONVERSION = YES;
				GCC_WARN_ABOUT_RETURN_TYPE = YES_ERROR;
				GCC_WARN_UNDECLARED_SELECTOR = YES;
				GCC_WARN_UNINITIALIZED_AUTOS = YES_AGGRESSIVE;
				GCC_WARN_UNUSED_FUNCTION = YES;
				GCC_WARN_UNUSED_VARIABLE = YES;
				IPHONEOS_DEPLOYMENT_TARGET = 16.0;
				MTL_ENABLE_DEBUG_INFO = INCLUDE_SOURCE;
				MTL_FAST_MATH = YES;
				ONLY_ACTIVE_ARCH = YES;
				SDKROOT = iphoneos;
				SWIFT_ACTIVE_COMPILATION_CONDITIONS = DEBUG;
				SWIFT_OPTIMIZATION_LEVEL = "-Onone";
			};
			name = Debug;
		};
		2ABEA29B2924E94B0096142E /* Release */ = {
			isa = XCBuildConfiguration;
			buildSettings = {
				ALWAYS_SEARCH_USER_PATHS = NO;
				CLANG_ANALYZER_NONNULL = YES;
				CLANG_ANALYZER_NUMBER_OBJECT_CONVERSION = YES_AGGRESSIVE;
				CLANG_CXX_LANGUAGE_STANDARD = "gnu++20";
				CLANG_ENABLE_MODULES = YES;
				CLANG_ENABLE_OBJC_ARC = YES;
				CLANG_ENABLE_OBJC_WEAK = YES;
				CLANG_WARN_BLOCK_CAPTURE_AUTORELEASING = YES;
				CLANG_WARN_BOOL_CONVERSION = YES;
				CLANG_WARN_COMMA = YES;
				CLANG_WARN_CONSTANT_CONVERSION = YES;
				CLANG_WARN_DEPRECATED_OBJC_IMPLEMENTATIONS = YES;
				CLANG_WARN_DIRECT_OBJC_ISA_USAGE = YES_ERROR;
				CLANG_WARN_DOCUMENTATION_COMMENTS = YES;
				CLANG_WARN_EMPTY_BODY = YES;
				CLANG_WARN_ENUM_CONVERSION = YES;
				CLANG_WARN_INFINITE_RECURSION = YES;
				CLANG_WARN_INT_CONVERSION = YES;
				CLANG_WARN_NON_LITERAL_NULL_CONVERSION = YES;
				CLANG_WARN_OBJC_IMPLICIT_RETAIN_SELF = YES;
				CLANG_WARN_OBJC_LITERAL_CONVERSION = YES;
				CLANG_WARN_OBJC_ROOT_CLASS = YES_ERROR;
				CLANG_WARN_QUOTED_INCLUDE_IN_FRAMEWORK_HEADER = YES;
				CLANG_WARN_RANGE_LOOP_ANALYSIS = YES;
				CLANG_WARN_STRICT_PROTOTYPES = YES;
				CLANG_WARN_SUSPICIOUS_MOVE = YES;
				CLANG_WARN_UNGUARDED_AVAILABILITY = YES_AGGRESSIVE;
				CLANG_WARN_UNREACHABLE_CODE = YES;
				CLANG_WARN__DUPLICATE_METHOD_MATCH = YES;
				COPY_PHASE_STRIP = NO;
				DEBUG_INFORMATION_FORMAT = "dwarf-with-dsym";
				ENABLE_NS_ASSERTIONS = NO;
				ENABLE_STRICT_OBJC_MSGSEND = YES;
				GCC_C_LANGUAGE_STANDARD = gnu11;
				GCC_NO_COMMON_BLOCKS = YES;
				GCC_WARN_64_TO_32_BIT_CONVERSION = YES;
				GCC_WARN_ABOUT_RETURN_TYPE = YES_ERROR;
				GCC_WARN_UNDECLARED_SELECTOR = YES;
				GCC_WARN_UNINITIALIZED_AUTOS = YES_AGGRESSIVE;
				GCC_WARN_UNUSED_FUNCTION = YES;
				GCC_WARN_UNUSED_VARIABLE = YES;
				IPHONEOS_DEPLOYMENT_TARGET = 16.0;
				MTL_ENABLE_DEBUG_INFO = NO;
				MTL_FAST_MATH = YES;
				SDKROOT = iphoneos;
				SWIFT_COMPILATION_MODE = wholemodule;
				SWIFT_OPTIMIZATION_LEVEL = "-O";
				VALIDATE_PRODUCT = YES;
			};
			name = Release;
		};
		2ABEA29D2924E94B0096142E /* Debug */ = {
			isa = XCBuildConfiguration;
			buildSettings = {
				ASSETCATALOG_COMPILER_APPICON_NAME = AppIcon;
				ASSETCATALOG_COMPILER_GLOBAL_ACCENT_COLOR_NAME = AccentColor;
				CODE_SIGN_STYLE = Automatic;
				CURRENT_PROJECT_VERSION = 1;
				DEVELOPMENT_TEAM = 735ZY9RW4A;
				GENERATE_INFOPLIST_FILE = YES;
				INFOPLIST_FILE = SL_VideoListAutoPlayManager/Info.plist;
				INFOPLIST_KEY_UIApplicationSupportsIndirectInputEvents = YES;
				INFOPLIST_KEY_UILaunchStoryboardName = LaunchScreen;
				INFOPLIST_KEY_UIMainStoryboardFile = Main;
				INFOPLIST_KEY_UISupportedInterfaceOrientations_iPad = "UIInterfaceOrientationPortrait UIInterfaceOrientationPortraitUpsideDown UIInterfaceOrientationLandscapeLeft UIInterfaceOrientationLandscapeRight";
				INFOPLIST_KEY_UISupportedInterfaceOrientations_iPhone = "UIInterfaceOrientationPortrait UIInterfaceOrientationLandscapeLeft UIInterfaceOrientationLandscapeRight";
				LD_RUNPATH_SEARCH_PATHS = (
					"$(inherited)",
					"@executable_path/Frameworks",
				);
				MARKETING_VERSION = 1.0;
				PRODUCT_BUNDLE_IDENTIFIER = "sl.SL-VideoListAutoPlayManager";
				PRODUCT_NAME = "$(TARGET_NAME)";
				SWIFT_EMIT_LOC_STRINGS = YES;
				SWIFT_VERSION = 5.0;
				TARGETED_DEVICE_FAMILY = "1,2";
			};
			name = Debug;
		};
		2ABEA29E2924E94B0096142E /* Release */ = {
			isa = XCBuildConfiguration;
			buildSettings = {
				ASSETCATALOG_COMPILER_APPICON_NAME = AppIcon;
				ASSETCATALOG_COMPILER_GLOBAL_ACCENT_COLOR_NAME = AccentColor;
				CODE_SIGN_STYLE = Automatic;
				CURRENT_PROJECT_VERSION = 1;
				DEVELOPMENT_TEAM = 735ZY9RW4A;
				GENERATE_INFOPLIST_FILE = YES;
				INFOPLIST_FILE = SL_VideoListAutoPlayManager/Info.plist;
				INFOPLIST_KEY_UIApplicationSupportsIndirectInputEvents = YES;
				INFOPLIST_KEY_UILaunchStoryboardName = LaunchScreen;
				INFOPLIST_KEY_UIMainStoryboardFile = Main;
				INFOPLIST_KEY_UISupportedInterfaceOrientations_iPad = "UIInterfaceOrientationPortrait UIInterfaceOrientationPortraitUpsideDown UIInterfaceOrientationLandscapeLeft UIInterfaceOrientationLandscapeRight";
				INFOPLIST_KEY_UISupportedInterfaceOrientations_iPhone = "UIInterfaceOrientationPortrait UIInterfaceOrientationLandscapeLeft UIInterfaceOrientationLandscapeRight";
				LD_RUNPATH_SEARCH_PATHS = (
					"$(inherited)",
					"@executable_path/Frameworks",
				);
				MARKETING_VERSION = 1.0;
				PRODUCT_BUNDLE_IDENTIFIER = "sl.SL-VideoListAutoPlayManager";
				PRODUCT_NAME = "$(TARGET_NAME)";
				SWIFT_EMIT_LOC_STRINGS = YES;
				SWIFT_VERSION = 5.0;
				TARGETED_DEVICE_FAMILY = "1,2";
			};
			name = Release;
		};
		2ABEA2A02924E94B0096142E /* Debug */ = {
			isa = XCBuildConfiguration;
			buildSettings = {
				ALWAYS_EMBED_SWIFT_STANDARD_LIBRARIES = YES;
				BUNDLE_LOADER = "$(TEST_HOST)";
				CODE_SIGN_STYLE = Automatic;
				CURRENT_PROJECT_VERSION = 1;
				DEVELOPMENT_TEAM = 735ZY9RW4A;
				GENERATE_INFOPLIST_FILE = YES;
				IPHONEOS_DEPLOYMENT_TARGET = 16.0;
				MARKETING_VERSION = 1.0;
				PRODUCT_BUNDLE_IDENTIFIER = "sl.SL-VideoListAutoPlayManagerTests";
				PRODUCT_NAME = "$(TARGET_NAME)";
				SWIFT_EMIT_LOC_STRINGS = NO;
				SWIFT_VERSION = 5.0;
				TARGETED_DEVICE_FAMILY = "1,2";
				TEST_HOST = "$(BUILT_PRODUCTS_DIR)/SL_VideoListAutoPlayManager.app/$(BUNDLE_EXECUTABLE_FOLDER_PATH)/SL_VideoListAutoPlayManager";
			};
			name = Debug;
		};
		2ABEA2A12924E94B0096142E /* Release */ = {
			isa = XCBuildConfiguration;
			buildSettings = {
				ALWAYS_EMBED_SWIFT_STANDARD_LIBRARIES = YES;
				BUNDLE_LOADER = "$(TEST_HOST)";
				CODE_SIGN_STYLE = Automatic;
				CURRENT_PROJECT_VERSION = 1;
				DEVELOPMENT_TEAM = 735ZY9RW4A;
				GENERATE_INFOPLIST_FILE = YES;
				IPHONEOS_DEPLOYMENT_TARGET = 16.0;
				MARKETING_VERSION = 1.0;
				PRODUCT_BUNDLE_IDENTIFIER = "sl.SL-VideoListAutoPlayManagerTests";
				PRODUCT_NAME = "$(TARGET_NAME)";
				SWIFT_EMIT_LOC_STRINGS = NO;
				SWIFT_VERSION = 5.0;
				TARGETED_DEVICE_FAMILY = "1,2";
				TEST_HOST = "$(BUILT_PRODUCTS_DIR)/SL_VideoListAutoPlayManager.app/$(BUNDLE_EXECUTABLE_FOLDER_PATH)/SL_VideoListAutoPlayManager";
			};
			name = Release;
		};
		2ABEA2A32924E94B0096142E /* Debug */ = {
			isa = XCBuildConfiguration;
			buildSettings = {
				ALWAYS_EMBED_SWIFT_STANDARD_LIBRARIES = YES;
				CODE_SIGN_STYLE = Automatic;
				CURRENT_PROJECT_VERSION = 1;
				DEVELOPMENT_TEAM = 735ZY9RW4A;
				GENERATE_INFOPLIST_FILE = YES;
				MARKETING_VERSION = 1.0;
				PRODUCT_BUNDLE_IDENTIFIER = "sl.SL-VideoListAutoPlayManagerUITests";
				PRODUCT_NAME = "$(TARGET_NAME)";
				SWIFT_EMIT_LOC_STRINGS = NO;
				SWIFT_VERSION = 5.0;
				TARGETED_DEVICE_FAMILY = "1,2";
				TEST_TARGET_NAME = SL_VideoListAutoPlayManager;
			};
			name = Debug;
		};
		2ABEA2A42924E94B0096142E /* Release */ = {
			isa = XCBuildConfiguration;
			buildSettings = {
				ALWAYS_EMBED_SWIFT_STANDARD_LIBRARIES = YES;
				CODE_SIGN_STYLE = Automatic;
				CURRENT_PROJECT_VERSION = 1;
				DEVELOPMENT_TEAM = 735ZY9RW4A;
				GENERATE_INFOPLIST_FILE = YES;
				MARKETING_VERSION = 1.0;
				PRODUCT_BUNDLE_IDENTIFIER = "sl.SL-VideoListAutoPlayManagerUITests";
				PRODUCT_NAME = "$(TARGET_NAME)";
				SWIFT_EMIT_LOC_STRINGS = NO;
				SWIFT_VERSION = 5.0;
				TARGETED_DEVICE_FAMILY = "1,2";
				TEST_TARGET_NAME = SL_VideoListAutoPlayManager;
			};
			name = Release;
		};
/* End XCBuildConfiguration section */

/* Begin XCConfigurationList section */
		2ABEA26D2924E9480096142E /* Build configuration list for PBXProject "SL_VideoListAutoPlayManager" */ = {
			isa = XCConfigurationList;
			buildConfigurations = (
				2ABEA29A2924E94B0096142E /* Debug */,
				2ABEA29B2924E94B0096142E /* Release */,
			);
			defaultConfigurationIsVisible = 0;
			defaultConfigurationName = Release;
		};
		2ABEA29C2924E94B0096142E /* Build configuration list for PBXNativeTarget "SL_VideoListAutoPlayManager" */ = {
			isa = XCConfigurationList;
			buildConfigurations = (
				2ABEA29D2924E94B0096142E /* Debug */,
				2ABEA29E2924E94B0096142E /* Release */,
			);
			defaultConfigurationIsVisible = 0;
			defaultConfigurationName = Release;
		};
		2ABEA29F2924E94B0096142E /* Build configuration list for PBXNativeTarget "SL_VideoListAutoPlayManagerTests" */ = {
			isa = XCConfigurationList;
			buildConfigurations = (
				2ABEA2A02924E94B0096142E /* Debug */,
				2ABEA2A12924E94B0096142E /* Release */,
			);
			defaultConfigurationIsVisible = 0;
			defaultConfigurationName = Release;
		};
		2ABEA2A22924E94B0096142E /* Build configuration list for PBXNativeTarget "SL_VideoListAutoPlayManagerUITests" */ = {
			isa = XCConfigurationList;
			buildConfigurations = (
				2ABEA2A32924E94B0096142E /* Debug */,
				2ABEA2A42924E94B0096142E /* Release */,
			);
			defaultConfigurationIsVisible = 0;
			defaultConfigurationName = Release;
		};
/* End XCConfigurationList section */
	};
	rootObject = 2ABEA26A2924E9480096142E /* Project object */;
}
